
Microsoft Visual Studio Solution File, Format Version 12.00
# Visual Studio 15
VisualStudioVersion = 15.0.27703.2026
MinimumVisualStudioVersion = 10.0.40219.1
Project("{9A19103F-16F7-4668-BE54-9A1E7A4F7556}") = "AbeckDev.Common", "src\abeckdev.common\AbeckDev.Common.csproj", "{38A71B2A-E2A6-45D2-99AD-54FD8375A447}"
EndProject
Project("{9A19103F-16F7-4668-BE54-9A1E7A4F7556}") = "AbeckDev.Common.Test.Unit", "test\abeckdev.common.test.unit\AbeckDev.Common.Test.Unit.csproj", "{05DD6786-A0DC-4D3E-8D8E-23B3C9412533}"
	ProjectSection(ProjectDependencies) = postProject
		{38A71B2A-E2A6-45D2-99AD-54FD8375A447} = {38A71B2A-E2A6-45D2-99AD-54FD8375A447}
	EndProjectSection
EndProject
Global
	GlobalSection(SolutionConfigurationPlatforms) = preSolution
		Debug|Any CPU = Debug|Any CPU
		Release|Any CPU = Release|Any CPU
	EndGlobalSection
	GlobalSection(ProjectConfigurationPlatforms) = postSolution
		{38A71B2A-E2A6-45D2-99AD-54FD8375A447}.Debug|Any CPU.ActiveCfg = Debug|Any CPU
		{38A71B2A-E2A6-45D2-99AD-54FD8375A447}.Debug|Any CPU.Build.0 = Debug|Any CPU
		{38A71B2A-E2A6-45D2-99AD-54FD8375A447}.Release|Any CPU.ActiveCfg = Release|Any CPU
		{38A71B2A-E2A6-45D2-99AD-54FD8375A447}.Release|Any CPU.Build.0 = Release|Any CPU
		{05DD6786-A0DC-4D3E-8D8E-23B3C9412533}.Debug|Any CPU.ActiveCfg = Debug|Any CPU
		{05DD6786-A0DC-4D3E-8D8E-23B3C9412533}.Debug|Any CPU.Build.0 = Debug|Any CPU
		{05DD6786-A0DC-4D3E-8D8E-23B3C9412533}.Release|Any CPU.ActiveCfg = Release|Any CPU
		{05DD6786-A0DC-4D3E-8D8E-23B3C9412533}.Release|Any CPU.Build.0 = Release|Any CPU
	EndGlobalSection
	GlobalSection(SolutionProperties) = preSolution
		HideSolutionNode = FALSE
	EndGlobalSection
	GlobalSection(ExtensibilityGlobals) = postSolution
		SolutionGuid = {3ED6F2E4-4D1B-4427-8694-CC14D9BCDE98}
	EndGlobalSection
EndGlobal
